
Microsoft Visual Studio Solution File, Format Version 12.00
# Visual Studio Version 16
VisualStudioVersion = 16.0.30804.86
MinimumVisualStudioVersion = 10.0.40219.1
Project("{9A19103F-16F7-4668-BE54-9A1E7A4F7556}") = "KampIntro", "Donguler1\KampIntro.csproj", "{960700BA-759A-4A88-BD95-396CB854DCA5}"
EndProject
Project("{9A19103F-16F7-4668-BE54-9A1E7A4F7556}") = "Donguler11", "Donguler11\Donguler11.csproj", "{6B2D33F6-A7F9-467B-8C1E-7888201CD661}"
EndProject
Project("{9A19103F-16F7-4668-BE54-9A1E7A4F7556}") = "ClassIntro", "ClassIntro\ClassIntro.csproj", "{11E505BC-3E1A-4D3C-9D71-9AFF4C9A1B04}"
EndProject
Project("{9A19103F-16F7-4668-BE54-9A1E7A4F7556}") = "Metotlar", "Metotlar\Metotlar.csproj", "{FBABC02A-76DE-4230-AE53-0FF728719FD2}"
EndProject
Project("{9A19103F-16F7-4668-BE54-9A1E7A4F7556}") = "Matematik", "Matematik\Matematik.csproj", "{F822843F-E3F2-40DB-AA53-0AA6ECA927BA}"
EndProject
Project("{9A19103F-16F7-4668-BE54-9A1E7A4F7556}") = "DegerVeReferansTipler", "DegerVeReferansTipler\DegerVeReferansTipler.csproj", "{B5947893-4D6F-46CC-AA23-1379B3CDD1DF}"
EndProject
Project("{9A19103F-16F7-4668-BE54-9A1E7A4F7556}") = "MetotCalism", "MetotCalism\MetotCalism.csproj", "{4C5C625B-C629-4D59-8E17-DCB55E75E75B}"
EndProject
Project("{FAE04EC0-301F-11D3-BF4B-00C04F79EFBC}") = "ClassMetotDemoo", "ClassMetotDemoo\ClassMetotDemoo.csproj", "{EDAA48FD-216A-4C5D-B154-6283D752B1C0}"
EndProject
Global
	GlobalSection(SolutionConfigurationPlatforms) = preSolution
		Debug|Any CPU = Debug|Any CPU
		Release|Any CPU = Release|Any CPU
	EndGlobalSection
	GlobalSection(ProjectConfigurationPlatforms) = postSolution
		{960700BA-759A-4A88-BD95-396CB854DCA5}.Debug|Any CPU.ActiveCfg = Debug|Any CPU
		{960700BA-759A-4A88-BD95-396CB854DCA5}.Debug|Any CPU.Build.0 = Debug|Any CPU
		{960700BA-759A-4A88-BD95-396CB854DCA5}.Release|Any CPU.ActiveCfg = Release|Any CPU
		{960700BA-759A-4A88-BD95-396CB854DCA5}.Release|Any CPU.Build.0 = Release|Any CPU
		{6B2D33F6-A7F9-467B-8C1E-7888201CD661}.Debug|Any CPU.ActiveCfg = Debug|Any CPU
		{6B2D33F6-A7F9-467B-8C1E-7888201CD661}.Debug|Any CPU.Build.0 = Debug|Any CPU
		{6B2D33F6-A7F9-467B-8C1E-7888201CD661}.Release|Any CPU.ActiveCfg = Release|Any CPU
		{6B2D33F6-A7F9-467B-8C1E-7888201CD661}.Release|Any CPU.Build.0 = Release|Any CPU
		{11E505BC-3E1A-4D3C-9D71-9AFF4C9A1B04}.Debug|Any CPU.ActiveCfg = Debug|Any CPU
		{11E505BC-3E1A-4D3C-9D71-9AFF4C9A1B04}.Debug|Any CPU.Build.0 = Debug|Any CPU
		{11E505BC-3E1A-4D3C-9D71-9AFF4C9A1B04}.Release|Any CPU.ActiveCfg = Release|Any CPU
		{11E505BC-3E1A-4D3C-9D71-9AFF4C9A1B04}.Release|Any CPU.Build.0 = Release|Any CPU
		{FBABC02A-76DE-4230-AE53-0FF728719FD2}.Debug|Any CPU.ActiveCfg = Debug|Any CPU
		{FBABC02A-76DE-4230-AE53-0FF728719FD2}.Debug|Any CPU.Build.0 = Debug|Any CPU
		{FBABC02A-76DE-4230-AE53-0FF728719FD2}.Release|Any CPU.ActiveCfg = Release|Any CPU
		{FBABC02A-76DE-4230-AE53-0FF728719FD2}.Release|Any CPU.Build.0 = Release|Any CPU
		{F822843F-E3F2-40DB-AA53-0AA6ECA927BA}.Debug|Any CPU.ActiveCfg = Debug|Any CPU
		{F822843F-E3F2-40DB-AA53-0AA6ECA927BA}.Debug|Any CPU.Build.0 = Debug|Any CPU
		{F822843F-E3F2-40DB-AA53-0AA6ECA927BA}.Release|Any CPU.ActiveCfg = Release|Any CPU
		{F822843F-E3F2-40DB-AA53-0AA6ECA927BA}.Release|Any CPU.Build.0 = Release|Any CPU
		{B5947893-4D6F-46CC-AA23-1379B3CDD1DF}.Debug|Any CPU.ActiveCfg = Debug|Any CPU
		{B5947893-4D6F-46CC-AA23-1379B3CDD1DF}.Debug|Any CPU.Build.0 = Debug|Any CPU
		{B5947893-4D6F-46CC-AA23-1379B3CDD1DF}.Release|Any CPU.ActiveCfg = Release|Any CPU
		{B5947893-4D6F-46CC-AA23-1379B3CDD1DF}.Release|Any CPU.Build.0 = Release|Any CPU
		{4C5C625B-C629-4D59-8E17-DCB55E75E75B}.Debug|Any CPU.ActiveCfg = Debug|Any CPU
		{4C5C625B-C629-4D59-8E17-DCB55E75E75B}.Debug|Any CPU.Build.0 = Debug|Any CPU
		{4C5C625B-C629-4D59-8E17-DCB55E75E75B}.Release|Any CPU.ActiveCfg = Release|Any CPU
		{4C5C625B-C629-4D59-8E17-DCB55E75E75B}.Release|Any CPU.Build.0 = Release|Any CPU
		{EDAA48FD-216A-4C5D-B154-6283D752B1C0}.Debug|Any CPU.ActiveCfg = Debug|Any CPU
		{EDAA48FD-216A-4C5D-B154-6283D752B1C0}.Debug|Any CPU.Build.0 = Debug|Any CPU
		{EDAA48FD-216A-4C5D-B154-6283D752B1C0}.Release|Any CPU.ActiveCfg = Release|Any CPU
		{EDAA48FD-216A-4C5D-B154-6283D752B1C0}.Release|Any CPU.Build.0 = Release|Any CPU
	EndGlobalSection
	GlobalSection(SolutionProperties) = preSolution
		HideSolutionNode = FALSE
	EndGlobalSection
	GlobalSection(ExtensibilityGlobals) = postSolution
		SolutionGuid = {F7F1521F-390A-4B3C-B7AB-29B70DB1ABDE}
	EndGlobalSection
EndGlobal
